{
  "nodes": {
    "nixpkgs": {
      "locked": {
        "lastModified": 1764517877,
        "narHash": "sha256-pp3uT4hHijIC8JUK5MEqeAWmParJrgBVzHLNfJDZxg4=",
        "owner": "nixos",
        "repo": "nixpkgs",
        "rev": "2d293cbfa5a793b4c50d17c05ef9e385b90edf6c",
        "type": "github"
      },
      "original": {
        "owner": "nixos",
        "ref": "nixos-unstable",
        "repo": "nixpkgs",
        "type": "github"
      }
    },
    "nixpkgs_2": {
      "locked": {
        "lastModified": 1761672384,
        "narHash": "sha256-o9KF3DJL7g7iYMZq9SWgfS1BFlNbsm6xplRjVlOCkXI=",
        "owner": "NixOS",
        "repo": "nixpkgs",
        "rev": "08dacfca559e1d7da38f3cf05f1f45ee9bfd213c",
        "type": "github"
      },
      "original": {
        "owner": "NixOS",
        "ref": "nixos-unstable",
        "repo": "nixpkgs",
        "type": "github"
      }
    },
    "root": {
      "inputs": {
        "nixpkgs": "nixpkgs",
        "secrets": "secrets"
      }
    },
    "secrets": {
      "inputs": {
        "nixpkgs": "nixpkgs_2",
        "sops-nix": "sops-nix"
      },
      "locked": {
        "lastModified": 1764608212,
        "narHash": "sha256-8a6HbCf7Zc3Kvh7sqK8mFVBX/n7513mFENscfZmoqWM=",
        "ref": "refs/heads/main",
        "rev": "9c096fdffb5d34d6ce296d519a657a35b76fc03b",
        "revCount": 30,
        "type": "git",
        "url": "ssh://git@github.com/DPS25/nix.git"
      },
      "original": {
        "type": "git",
        "url": "ssh://git@github.com/DPS25/nix.git"
      }
    },
    "sops-nix": {
      "inputs": {
        "nixpkgs": [
          "secrets",
          "nixpkgs"
        ]
      },
      "locked": {
        "lastModified": 1760998189,
        "narHash": "sha256-ee2e1/AeGL5X8oy/HXsZQvZnae6XfEVdstGopKucYLY=",
        "owner": "Mic92",
        "repo": "sops-nix",
        "rev": "5a7d18b5c55642df5c432aadb757140edfeb70b3",
        "type": "github"
      },
      "original": {
        "owner": "Mic92",
        "repo": "sops-nix",
        "type": "github"
      }
    }
  },
  "root": "root",
  "version": 7
}
