{
  "nodes": {
    "nix-ld": {
      "inputs": {
        "nixpkgs": [
          "secrets",
          "nixpkgs"
        ]
      },
      "locked": {
        "lastModified": 1764580771,
        "narHash": "sha256-3I1qURSp6UAcIbkukHH/zfqlEossMQazrnYS1nnrxqw=",
        "owner": "Mic92",
        "repo": "nix-ld",
        "rev": "79314e5cc6efb4e8408a4f838d50deca7e010d6c",
        "type": "github"
      },
      "original": {
        "owner": "Mic92",
        "repo": "nix-ld",
        "type": "github"
      }
    },
    "nixpkgs": {
      "locked": {
        "lastModified": 1768564909,
        "narHash": "sha256-Kell/SpJYVkHWMvnhqJz/8DqQg2b6PguxVWOuadbHCc=",
        "owner": "nixos",
        "repo": "nixpkgs",
        "rev": "e4bae1bd10c9c57b2cf517953ab70060a828ee6f",
        "type": "github"
      },
      "original": {
        "owner": "nixos",
        "ref": "nixos-unstable",
        "repo": "nixpkgs",
        "type": "github"
      }
    },
    "nixpkgs-influx-2-1-1": {
      "locked": {
        "lastModified": 1663276198,
        "narHash": "sha256-tTYbMSEJPtCujYwWhNdlBC8GWXGk3If7Q6RTYQ5GSaU=",
        "owner": "NixOS",
        "repo": "nixpkgs",
        "rev": "c2c0373ae7abf25b7d69b2df05d3ef8014459ea3",
        "type": "github"
      },
      "original": {
        "owner": "NixOS",
        "repo": "nixpkgs",
        "rev": "c2c0373ae7abf25b7d69b2df05d3ef8014459ea3",
        "type": "github"
      }
    },
    "nixpkgs-influx-2-4-0": {
      "locked": {
        "lastModified": 1665863930,
        "narHash": "sha256-M2Ubg1BrcoC/3MQLRa7Adpi0/51NXXeHUjNQ7rtUGeY=",
        "owner": "NixOS",
        "repo": "nixpkgs",
        "rev": "611bf8f183e6360c2a215fa70dfd659943a9857f",
        "type": "github"
      },
      "original": {
        "owner": "NixOS",
        "repo": "nixpkgs",
        "rev": "611bf8f183e6360c2a215fa70dfd659943a9857f",
        "type": "github"
      }
    },
    "nixpkgs-influx-2-5-1": {
      "locked": {
        "lastModified": 1692477756,
        "narHash": "sha256-zezuNTk1F2Sa3ChTF+wbTn8ujyptQ+E+N6SA2d47zOQ=",
        "owner": "NixOS",
        "repo": "nixpkgs",
        "rev": "976fa3369d722e76f37c77493d99829540d43845",
        "type": "github"
      },
      "original": {
        "owner": "NixOS",
        "repo": "nixpkgs",
        "rev": "976fa3369d722e76f37c77493d99829540d43845",
        "type": "github"
      }
    },
    "nixpkgs-influx-2-7-6": {
      "locked": {
        "lastModified": 1748124733,
        "narHash": "sha256-y7OLqUkEb0Leg/eZCO5/AQh1u5byAnMEj13OMIJ6Uqo=",
        "owner": "NixOS",
        "repo": "nixpkgs",
        "rev": "4684fd6b0c01e4b7d99027a34c93c2e09ecafee2",
        "type": "github"
      },
      "original": {
        "owner": "NixOS",
        "repo": "nixpkgs",
        "rev": "4684fd6b0c01e4b7d99027a34c93c2e09ecafee2",
        "type": "github"
      }
    },
    "nixpkgs_2": {
      "locked": {
        "lastModified": 1761672384,
        "narHash": "sha256-o9KF3DJL7g7iYMZq9SWgfS1BFlNbsm6xplRjVlOCkXI=",
        "owner": "NixOS",
        "repo": "nixpkgs",
        "rev": "08dacfca559e1d7da38f3cf05f1f45ee9bfd213c",
        "type": "github"
      },
      "original": {
        "owner": "NixOS",
        "ref": "nixos-unstable",
        "repo": "nixpkgs",
        "type": "github"
      }
    },
    "root": {
      "inputs": {
        "nixpkgs": "nixpkgs",
        "secrets": "secrets"
      }
    },
    "secrets": {
      "inputs": {
        "nix-ld": "nix-ld",
        "nixpkgs": "nixpkgs_2",
        "nixpkgs-influx-2-1-1": "nixpkgs-influx-2-1-1",
        "nixpkgs-influx-2-4-0": "nixpkgs-influx-2-4-0",
        "nixpkgs-influx-2-5-1": "nixpkgs-influx-2-5-1",
        "nixpkgs-influx-2-7-6": "nixpkgs-influx-2-7-6",
        "sops-nix": "sops-nix"
      },
      "locked": {
        "lastModified": 1768775628,
        "narHash": "sha256-EyRI1IQoMt4xj9jT6WW2WvpehSwSfS40gsht+1YWMl4=",
        "ref": "refs/heads/main",
        "rev": "2675f8bc08ee7cfb0a086de5c117e909757cf31c",
        "revCount": 43,
        "type": "git",
        "url": "ssh://git@github.com/DPS25/nix.git"
      },
      "original": {
        "type": "git",
        "url": "ssh://git@github.com/DPS25/nix.git"
      }
    },
    "sops-nix": {
      "inputs": {
        "nixpkgs": [
          "secrets",
          "nixpkgs"
        ]
      },
      "locked": {
        "lastModified": 1760998189,
        "narHash": "sha256-ee2e1/AeGL5X8oy/HXsZQvZnae6XfEVdstGopKucYLY=",
        "owner": "Mic92",
        "repo": "sops-nix",
        "rev": "5a7d18b5c55642df5c432aadb757140edfeb70b3",
        "type": "github"
      },
      "original": {
        "owner": "Mic92",
        "repo": "sops-nix",
        "type": "github"
      }
    }
  },
  "root": "root",
  "version": 7
}
